# THIS IS AN AUTOGENERATED FILE. DO NOT EDIT THIS FILE DIRECTLY.
# yarn lockfile v1


fsevents@~2.3.2:
  version "2.3.3"
  resolved "https://registry.yarnpkg.com/fsevents/-/fsevents-2.3.3.tgz#cac6407785d03675a2a5e1a5305c697b347d90d6"
  integrity sha512-5xoDfX+fL7faATnagmWPpbFtwh/R77WmMMqqHGS65C3vvB0YHrgF+B1YmZ3441tMj5n63k0212XNoJwzlhffQw==

rollup@^2.60.0:
  version "2.79.2"
  resolved "https://registry.yarnpkg.com/rollup/-/rollup-2.79.2.tgz#f150e4a5db4b121a21a747d762f701e5e9f49090"
  integrity sha512-fS6iqSPZDs3dr/y7Od6y5nha8dW1YnbgtsyotCVvoFGKbERG++CVRFv1meyGDE1SNItQA8BrnCw7ScdAhRJ3XQ==
  optionalDependencies:
    fsevents "~2.3.2"

typescript@^4.5.0:
  version "4.9.5"
  resolved "https://registry.yarnpkg.com/typescript/-/typescript-4.9.5.tgz#095979f9bcc0d09da324d58d03ce8f8374cbe65a"
  integrity sha512-1FXk9E2Hm+QzZQ7z+McJiHL4NW1F2EzMu9Nq9i3zAaGqibafqYwCVU6WyWAuyQRRzOlxou8xZSyXLEN8oKj24g==
